
Microsoft Visual Studio Solution File, Format Version 12.00
# Visual Studio Version 16
VisualStudioVersion = 16.0.29418.71
MinimumVisualStudioVersion = 10.0.40219.1
Project("{9A19103F-16F7-4668-BE54-9A1E7A4F7556}") = "ClientTests", "ClientTests\ClientTests.csproj", "{BC335148-6208-4D37-8A5B-73A68C9BB926}"
EndProject
Project("{9A19103F-16F7-4668-BE54-9A1E7A4F7556}") = "Niko HC2 SDK", "Niko HC2 SDK\Niko HC2 SDK.csproj", "{E22FDE50-CA88-4F68-B3D9-BF668BFCC184}"
EndProject
Project("{2150E333-8FDC-42A3-9474-1A3956D46DE8}") = "Solution Items", "Solution Items", "{22BD3B25-DA68-416B-B353-9E32885CEDD4}"
	ProjectSection(SolutionItems) = preProject
		Base-Steps.yml = Base-Steps.yml
		Develop-PR.yml = Develop-PR.yml
		Develop-Publish.yml = Develop-Publish.yml
		Master-PR.yml = Master-PR.yml
		Master-Publish.yml = Master-Publish.yml
		README.md = README.md
		smart-house.png = smart-house.png
	EndProjectSection
EndProject
Global
	GlobalSection(SolutionConfigurationPlatforms) = preSolution
		Debug|Any CPU = Debug|Any CPU
		Release|Any CPU = Release|Any CPU
	EndGlobalSection
	GlobalSection(ProjectConfigurationPlatforms) = postSolution
		{BC335148-6208-4D37-8A5B-73A68C9BB926}.Debug|Any CPU.ActiveCfg = Debug|Any CPU
		{BC335148-6208-4D37-8A5B-73A68C9BB926}.Debug|Any CPU.Build.0 = Debug|Any CPU
		{BC335148-6208-4D37-8A5B-73A68C9BB926}.Release|Any CPU.ActiveCfg = Debug|Any CPU
		{BC335148-6208-4D37-8A5B-73A68C9BB926}.Release|Any CPU.Build.0 = Debug|Any CPU
		{E22FDE50-CA88-4F68-B3D9-BF668BFCC184}.Debug|Any CPU.ActiveCfg = Debug|Any CPU
		{E22FDE50-CA88-4F68-B3D9-BF668BFCC184}.Debug|Any CPU.Build.0 = Debug|Any CPU
		{E22FDE50-CA88-4F68-B3D9-BF668BFCC184}.Release|Any CPU.ActiveCfg = Debug|Any CPU
		{E22FDE50-CA88-4F68-B3D9-BF668BFCC184}.Release|Any CPU.Build.0 = Debug|Any CPU
	EndGlobalSection
	GlobalSection(SolutionProperties) = preSolution
		HideSolutionNode = FALSE
	EndGlobalSection
	GlobalSection(ExtensibilityGlobals) = postSolution
		SolutionGuid = {15A589F6-05DA-4EAD-B9AB-A8311A628D17}
	EndGlobalSection
EndGlobal
